
Microsoft Visual Studio Solution File, Format Version 12.00
# Visual Studio Version 17
VisualStudioVersion = 17.12.35514.174
MinimumVisualStudioVersion = 10.0.40219.1
Project("{FAE04EC0-301F-11D3-BF4B-00C04F79EFBC}") = "GrpcExtension.Rx", "GrpcExtension.Rx\GrpcExtension.Rx.csproj", "{7CCA7A3E-E68E-46CF-9725-74C931584CC5}"
EndProject
Project("{FAE04EC0-301F-11D3-BF4B-00C04F79EFBC}") = "GrpcExtension.Rx.Test", "GrpcExtension.Rx.Test\GrpcExtension.Rx.Test.csproj", "{3D97010B-2FBC-4CFA-8B81-F143C5EFE730}"
EndProject
Project("{2150E333-8FDC-42A3-9474-1A3956D46DE8}") = "Solution Items", "Solution Items", "{4D4E8BAF-170D-4BB5-A28D-D4C20F05702B}"
	ProjectSection(SolutionItems) = preProject
		.editorconfig = .editorconfig
	EndProjectSection
EndProject
Project("{FAE04EC0-301F-11D3-BF4B-00C04F79EFBC}") = "GrpcExtension.Rx.Benchmark", "GrpcExtension.Rx.Benchmark\GrpcExtension.Rx.Benchmark.csproj", "{970258C5-126D-43E1-9F08-B0E53E35DCE8}"
EndProject
Global
	GlobalSection(SolutionConfigurationPlatforms) = preSolution
		Debug|Any CPU = Debug|Any CPU
		Release|Any CPU = Release|Any CPU
	EndGlobalSection
	GlobalSection(ProjectConfigurationPlatforms) = postSolution
		{7CCA7A3E-E68E-46CF-9725-74C931584CC5}.Debug|Any CPU.ActiveCfg = Debug|Any CPU
		{7CCA7A3E-E68E-46CF-9725-74C931584CC5}.Debug|Any CPU.Build.0 = Debug|Any CPU
		{7CCA7A3E-E68E-46CF-9725-74C931584CC5}.Release|Any CPU.ActiveCfg = Release|Any CPU
		{7CCA7A3E-E68E-46CF-9725-74C931584CC5}.Release|Any CPU.Build.0 = Release|Any CPU
		{3D97010B-2FBC-4CFA-8B81-F143C5EFE730}.Debug|Any CPU.ActiveCfg = Debug|Any CPU
		{3D97010B-2FBC-4CFA-8B81-F143C5EFE730}.Debug|Any CPU.Build.0 = Debug|Any CPU
		{3D97010B-2FBC-4CFA-8B81-F143C5EFE730}.Release|Any CPU.ActiveCfg = Release|Any CPU
		{3D97010B-2FBC-4CFA-8B81-F143C5EFE730}.Release|Any CPU.Build.0 = Release|Any CPU
		{970258C5-126D-43E1-9F08-B0E53E35DCE8}.Debug|Any CPU.ActiveCfg = Debug|Any CPU
		{970258C5-126D-43E1-9F08-B0E53E35DCE8}.Debug|Any CPU.Build.0 = Debug|Any CPU
		{970258C5-126D-43E1-9F08-B0E53E35DCE8}.Release|Any CPU.ActiveCfg = Release|Any CPU
		{970258C5-126D-43E1-9F08-B0E53E35DCE8}.Release|Any CPU.Build.0 = Release|Any CPU
	EndGlobalSection
	GlobalSection(SolutionProperties) = preSolution
		HideSolutionNode = FALSE
	EndGlobalSection
EndGlobal
